{
  "name": "parrot-graphql",
  "version": "5.0.0-alpha.1",
  "lockfileVersion": 2,
  "requires": true,
  "packages": {
    "": {
      "name": "parrot-graphql",
      "version": "5.0.0-alpha.1",
      "license": "Apache-2.0",
      "dependencies": {
        "@graphql-tools/mock": "^8.7.6",
        "graphql": "^15.4.0"
      }
    },
    "node_modules/@graphql-tools/merge": {
      "version": "8.3.6",
      "resolved": "https://registry.npmjs.org/nodejs/content/groups/npm/@graphql-tools/merge/-/merge-8.3.6.tgz",
      "integrity": "sha512-uUBokxXi89bj08P+iCvQk3Vew4vcfL5ZM6NTylWi8PIpoq4r5nJ625bRuN8h2uubEdRiH8ntN9M4xkd/j7AybQ==",
      "license": "MIT",
      "dependencies": {
        "@graphql-tools/utils": "8.12.0",
        "tslib": "^2.4.0"
      },
      "peerDependencies": {
        "graphql": "^14.0.0 || ^15.0.0 || ^16.0.0 || ^17.0.0"
      }
    },
    "node_modules/@graphql-tools/mock": {
      "version": "8.7.6",
      "resolved": "https://registry.npmjs.org/nodejs/content/groups/npm/@graphql-tools/mock/-/mock-8.7.6.tgz",
      "integrity": "sha512-cQGPyY6dF4x28552zjAg9En2WWVury62u1/xzipCNUSCdKRVOsAupTNBcAGdMjsKPLcGzzk1cPA8dP0DUfNqzg==",
      "license": "MIT",
      "dependencies": {
        "@graphql-tools/schema": "9.0.4",
        "@graphql-tools/utils": "8.12.0",
        "fast-json-stable-stringify": "^2.1.0",
        "tslib": "^2.4.0"
      },
      "peerDependencies": {
        "graphql": "^14.0.0 || ^15.0.0 || ^16.0.0 || ^17.0.0"
      }
    },
    "node_modules/@graphql-tools/schema": {
      "version": "9.0.4",
      "resolved": "https://registry.npmjs.org/nodejs/content/groups/npm/@graphql-tools/schema/-/schema-9.0.4.tgz",
      "integrity": "sha512-B/b8ukjs18fq+/s7p97P8L1VMrwapYc3N2KvdG/uNThSazRRn8GsBK0Nr+FH+mVKiUfb4Dno79e3SumZVoHuOQ==",
      "license": "MIT",
      "dependencies": {
        "@graphql-tools/merge": "8.3.6",
        "@graphql-tools/utils": "8.12.0",
        "tslib": "^2.4.0",
        "value-or-promise": "1.0.11"
      },
      "peerDependencies": {
        "graphql": "^14.0.0 || ^15.0.0 || ^16.0.0 || ^17.0.0"
      }
    },
    "node_modules/@graphql-tools/utils": {
      "version": "8.12.0",
      "resolved": "https://registry.npmjs.org/nodejs/content/groups/npm/@graphql-tools/utils/-/utils-8.12.0.tgz",
      "integrity": "sha512-TeO+MJWGXjUTS52qfK4R8HiPoF/R7X+qmgtOYd8DTH0l6b+5Y/tlg5aGeUJefqImRq7nvi93Ms40k/Uz4D5CWw==",
      "license": "MIT",
      "dependencies": {
        "tslib": "^2.4.0"
      },
      "peerDependencies": {
        "graphql": "^14.0.0 || ^15.0.0 || ^16.0.0 || ^17.0.0"
      }
    },
    "node_modules/fast-json-stable-stringify": {
      "version": "2.1.0",
      "resolved": "https://registry.npmjs.org/nodejs/content/groups/npm/fast-json-stable-stringify/-/fast-json-stable-stringify-2.1.0.tgz",
      "integrity": "sha512-lhd/wF+Lk98HZoTCtlVraHtfh5XYijIjalXck7saUtuanSDyLMxnHhSXEDJqHxD7msR8D0uCmqlkwjCV8xvwHw==",
      "license": "MIT"
    },
    "node_modules/graphql": {
      "version": "15.8.0",
      "resolved": "https://registry.npmjs.org/graphql/-/graphql-15.8.0.tgz",
      "integrity": "sha512-5gghUc24tP9HRznNpV2+FIoq3xKkj5dTQqf4v0CpdPbFVwFkWoxOM+o+2OC9ZSvjEMTjfmG9QT+gcvggTwW1zw==",
      "engines": {
        "node": ">= 10.x"
      }
    },
    "node_modules/tslib": {
      "version": "2.4.0",
      "resolved": "https://registry.npmjs.org/nodejs/content/groups/npm/tslib/-/tslib-2.4.0.tgz",
      "integrity": "sha512-d6xOpEDfsi2CZVlPQzGeux8XMwLT9hssAsaPYExaQMuYskwb+x1x7J371tWlbBdWHroy99KnVB6qIkUbs5X3UQ==",
      "license": "0BSD"
    },
    "node_modules/value-or-promise": {
      "version": "1.0.11",
      "resolved": "https://registry.npmjs.org/nodejs/content/groups/npm/value-or-promise/-/value-or-promise-1.0.11.tgz",
      "integrity": "sha512-41BrgH+dIbCFXClcSapVs5M6GkENd3gQOJpEfPDNa71LsUGMXDL0jMWpI/Rh7WhX+Aalfz2TTS3Zt5pUsbnhLg==",
      "license": "MIT",
      "engines": {
        "node": ">=12"
      }
    }
  },
  "dependencies": {
    "@graphql-tools/merge": {
      "version": "8.3.6",
      "resolved": "https://registry.npmjs.org/nodejs/content/groups/npm/@graphql-tools/merge/-/merge-8.3.6.tgz",
      "integrity": "sha512-uUBokxXi89bj08P+iCvQk3Vew4vcfL5ZM6NTylWi8PIpoq4r5nJ625bRuN8h2uubEdRiH8ntN9M4xkd/j7AybQ==",
      "requires": {
        "@graphql-tools/utils": "8.12.0",
        "tslib": "^2.4.0"
      }
    },
    "@graphql-tools/mock": {
      "version": "8.7.6",
      "resolved": "https://registry.npmjs.org/nodejs/content/groups/npm/@graphql-tools/mock/-/mock-8.7.6.tgz",
      "integrity": "sha512-cQGPyY6dF4x28552zjAg9En2WWVury62u1/xzipCNUSCdKRVOsAupTNBcAGdMjsKPLcGzzk1cPA8dP0DUfNqzg==",
      "requires": {
        "@graphql-tools/schema": "9.0.4",
        "@graphql-tools/utils": "8.12.0",
        "fast-json-stable-stringify": "^2.1.0",
        "tslib": "^2.4.0"
      }
    },
    "@graphql-tools/schema": {
      "version": "9.0.4",
      "resolved": "https://registry.npmjs.org/nodejs/content/groups/npm/@graphql-tools/schema/-/schema-9.0.4.tgz",
      "integrity": "sha512-B/b8ukjs18fq+/s7p97P8L1VMrwapYc3N2KvdG/uNThSazRRn8GsBK0Nr+FH+mVKiUfb4Dno79e3SumZVoHuOQ==",
      "requires": {
        "@graphql-tools/merge": "8.3.6",
        "@graphql-tools/utils": "8.12.0",
        "tslib": "^2.4.0",
        "value-or-promise": "1.0.11"
      }
    },
    "@graphql-tools/utils": {
      "version": "8.12.0",
      "resolved": "https://registry.npmjs.org/nodejs/content/groups/npm/@graphql-tools/utils/-/utils-8.12.0.tgz",
      "integrity": "sha512-TeO+MJWGXjUTS52qfK4R8HiPoF/R7X+qmgtOYd8DTH0l6b+5Y/tlg5aGeUJefqImRq7nvi93Ms40k/Uz4D5CWw==",
      "requires": {
        "tslib": "^2.4.0"
      }
    },
    "fast-json-stable-stringify": {
      "version": "2.1.0",
      "resolved": "https://registry.npmjs.org/nodejs/content/groups/npm/fast-json-stable-stringify/-/fast-json-stable-stringify-2.1.0.tgz",
      "integrity": "sha512-lhd/wF+Lk98HZoTCtlVraHtfh5XYijIjalXck7saUtuanSDyLMxnHhSXEDJqHxD7msR8D0uCmqlkwjCV8xvwHw=="
    },
    "graphql": {
      "version": "15.8.0",
      "resolved": "https://registry.npmjs.org/graphql/-/graphql-15.8.0.tgz",
      "integrity": "sha512-5gghUc24tP9HRznNpV2+FIoq3xKkj5dTQqf4v0CpdPbFVwFkWoxOM+o+2OC9ZSvjEMTjfmG9QT+gcvggTwW1zw=="
    },
    "tslib": {
      "version": "2.4.0",
      "resolved": "https://registry.npmjs.org/nodejs/content/groups/npm/tslib/-/tslib-2.4.0.tgz",
      "integrity": "sha512-d6xOpEDfsi2CZVlPQzGeux8XMwLT9hssAsaPYExaQMuYskwb+x1x7J371tWlbBdWHroy99KnVB6qIkUbs5X3UQ=="
    },
    "value-or-promise": {
      "version": "1.0.11",
      "resolved": "https://registry.npmjs.org/nodejs/content/groups/npm/value-or-promise/-/value-or-promise-1.0.11.tgz",
      "integrity": "sha512-41BrgH+dIbCFXClcSapVs5M6GkENd3gQOJpEfPDNa71LsUGMXDL0jMWpI/Rh7WhX+Aalfz2TTS3Zt5pUsbnhLg=="
    }
  }
}
