{
  "name": "parrot-graphql",
  "version": "5.0.0-alpha.0",
  "lockfileVersion": 1,
  "requires": true,
  "dependencies": {
    "@ardatan/aggregate-error": {
      "version": "0.0.6",
      "resolved": "https://registry.npmjs.org/@ardatan/aggregate-error/-/aggregate-error-0.0.6.tgz",
      "integrity": "sha512-vyrkEHG1jrukmzTPtyWB4NLPauUw5bQeg4uhn8f+1SSynmrOcyvlb1GKQjjgoBzElLdfXCRYX8UnBlhklOHYRQ==",
      "requires": {
        "tslib": "~2.0.1"
      }
    },
    "@graphql-tools/mock": {
      "version": "7.0.0",
      "resolved": "https://registry.npmjs.org/@graphql-tools/mock/-/mock-7.0.0.tgz",
      "integrity": "sha512-ShO8D9HudgnhqoWeKb3iejGtPV8elFqSO1U0O70g3FH3W/CBW2abXfuyodBUevXVGIjyqzfkNzVtpIE0qiOVVQ==",
      "requires": {
        "@graphql-tools/schema": "^7.0.0",
        "@graphql-tools/utils": "^7.0.0",
        "tslib": "~2.0.1"
      }
    },
    "@graphql-tools/schema": {
      "version": "7.1.2",
      "resolved": "https://registry.npmjs.org/@graphql-tools/schema/-/schema-7.1.2.tgz",
      "integrity": "sha512-GabNT51ErVHE2riDH4EQdRusUsI+nMElT8LdFHyuP53v8gwtleAj+LePQ9jif4NYUe/JQVqO8V28vPcHrA7gfQ==",
      "requires": {
        "@graphql-tools/utils": "^7.1.2",
        "tslib": "~2.0.1"
      }
    },
    "@graphql-tools/utils": {
      "version": "7.2.3",
      "resolved": "https://registry.npmjs.org/@graphql-tools/utils/-/utils-7.2.3.tgz",
      "integrity": "sha512-9MvSKeo+8DM72706FvrUP8figQjRzSwBswWrXviyWyt3wSkk6MU2cURQKfMpc0I6nswZvkDSqYoQQ/6mazoXxA==",
      "requires": {
        "@ardatan/aggregate-error": "0.0.6",
        "camel-case": "4.1.2",
        "tslib": "~2.0.1"
      }
    },
    "camel-case": {
      "version": "4.1.2",
      "resolved": "https://registry.npmjs.org/camel-case/-/camel-case-4.1.2.tgz",
      "integrity": "sha512-gxGWBrTT1JuMx6R+o5PTXMmUnhnVzLQ9SNutD4YqKtI6ap897t3tKECYla6gCWEkplXnlNybEkZg9GEGxKFCgw==",
      "requires": {
        "pascal-case": "^3.1.2",
        "tslib": "^2.0.3"
      }
    },
    "graphql": {
      "version": "15.4.0",
      "resolved": "https://registry.npmjs.org/graphql/-/graphql-15.4.0.tgz",
      "integrity": "sha512-EB3zgGchcabbsU9cFe1j+yxdzKQKAbGUWRb13DsrsMN1yyfmmIq+2+L5MqVWcDCE4V89R5AyUOi7sMOGxdsYtA=="
    },
    "lower-case": {
      "version": "2.0.2",
      "resolved": "https://registry.npmjs.org/lower-case/-/lower-case-2.0.2.tgz",
      "integrity": "sha512-7fm3l3NAF9WfN6W3JOmf5drwpVqX78JtoGJ3A6W0a6ZnldM41w2fV5D490psKFTpMds8TJse/eHLFFsNHHjHgg==",
      "requires": {
        "tslib": "^2.0.3"
      }
    },
    "no-case": {
      "version": "3.0.4",
      "resolved": "https://registry.npmjs.org/no-case/-/no-case-3.0.4.tgz",
      "integrity": "sha512-fgAN3jGAh+RoxUGZHTSOLJIqUc2wmoBwGR4tbpNAKmmovFoWq0OdRkb0VkldReO2a2iBT/OEulG9XSUc10r3zg==",
      "requires": {
        "lower-case": "^2.0.2",
        "tslib": "^2.0.3"
      }
    },
    "pascal-case": {
      "version": "3.1.2",
      "resolved": "https://registry.npmjs.org/pascal-case/-/pascal-case-3.1.2.tgz",
      "integrity": "sha512-uWlGT3YSnK9x3BQJaOdcZwrnV6hPpd8jFH1/ucpiLRPh/2zCVJKS19E4GvYHvaCcACn3foXZ0cLB9Wrx1KGe5g==",
      "requires": {
        "no-case": "^3.0.4",
        "tslib": "^2.0.3"
      }
    },
    "tslib": {
      "version": "2.0.3",
      "resolved": "https://registry.npmjs.org/tslib/-/tslib-2.0.3.tgz",
      "integrity": "sha512-uZtkfKblCEQtZKBF6EBXVZeQNl82yqtDQdv+eck8u7tdPxjLu2/lp5/uPW+um2tpuxINHWy3GhiccY7QgEaVHQ=="
    }
  }
}
