{
	"name": "parrot-graphql",
	"version": "5.0.1",
	"lockfileVersion": 3,
	"requires": true,
	"packages": {
		"": {
			"name": "parrot-graphql",
			"version": "5.0.0-alpha.1",
			"license": "Apache-2.0",
			"dependencies": {
				"@graphql-tools/mock": "^8.7.20",
				"graphql": "^15.8.0"
			}
		},
		"node_modules/@graphql-tools/merge": {
			"version": "8.4.2",
			"resolved": "https://registry.npmjs.org/@graphql-tools/merge/-/merge-8.4.2.tgz",
			"integrity": "sha512-XbrHAaj8yDuINph+sAfuq3QCZ/tKblrTLOpirK0+CAgNlZUCHs0Fa+xtMUURgwCVThLle1AF7svJCxFizygLsw==",
			"dependencies": {
				"@graphql-tools/utils": "^9.2.1",
				"tslib": "^2.4.0"
			},
			"peerDependencies": {
				"graphql": "^14.0.0 || ^15.0.0 || ^16.0.0 || ^17.0.0"
			}
		},
		"node_modules/@graphql-tools/mock": {
			"version": "8.7.20",
			"resolved": "https://registry.npmjs.org/@graphql-tools/mock/-/mock-8.7.20.tgz",
			"integrity": "sha512-ljcHSJWjC/ZyzpXd5cfNhPI7YljRVvabKHPzKjEs5ElxWu2cdlLGvyNYepApXDsM/OJG/2xuhGM+9GWu5gEAPQ==",
			"dependencies": {
				"@graphql-tools/schema": "^9.0.18",
				"@graphql-tools/utils": "^9.2.1",
				"fast-json-stable-stringify": "^2.1.0",
				"tslib": "^2.4.0"
			},
			"peerDependencies": {
				"graphql": "^14.0.0 || ^15.0.0 || ^16.0.0 || ^17.0.0"
			}
		},
		"node_modules/@graphql-tools/schema": {
			"version": "9.0.19",
			"resolved": "https://registry.npmjs.org/@graphql-tools/schema/-/schema-9.0.19.tgz",
			"integrity": "sha512-oBRPoNBtCkk0zbUsyP4GaIzCt8C0aCI4ycIRUL67KK5pOHljKLBBtGT+Jr6hkzA74C8Gco8bpZPe7aWFjiaK2w==",
			"dependencies": {
				"@graphql-tools/merge": "^8.4.1",
				"@graphql-tools/utils": "^9.2.1",
				"tslib": "^2.4.0",
				"value-or-promise": "^1.0.12"
			},
			"peerDependencies": {
				"graphql": "^14.0.0 || ^15.0.0 || ^16.0.0 || ^17.0.0"
			}
		},
		"node_modules/@graphql-tools/utils": {
			"version": "9.2.1",
			"resolved": "https://registry.npmjs.org/@graphql-tools/utils/-/utils-9.2.1.tgz",
			"integrity": "sha512-WUw506Ql6xzmOORlriNrD6Ugx+HjVgYxt9KCXD9mHAak+eaXSwuGGPyE60hy9xaDEoXKBsG7SkG69ybitaVl6A==",
			"dependencies": {
				"@graphql-typed-document-node/core": "^3.1.1",
				"tslib": "^2.4.0"
			},
			"peerDependencies": {
				"graphql": "^14.0.0 || ^15.0.0 || ^16.0.0 || ^17.0.0"
			}
		},
		"node_modules/@graphql-typed-document-node/core": {
			"version": "3.2.0",
			"resolved": "https://registry.npmjs.org/@graphql-typed-document-node/core/-/core-3.2.0.tgz",
			"integrity": "sha512-mB9oAsNCm9aM3/SOv4YtBMqZbYj10R7dkq8byBqxGY/ncFwhf2oQzMV+LCRlWoDSEBJ3COiR1yeDvMtsoOsuFQ==",
			"peerDependencies": {
				"graphql": "^0.8.0 || ^0.9.0 || ^0.10.0 || ^0.11.0 || ^0.12.0 || ^0.13.0 || ^14.0.0 || ^15.0.0 || ^16.0.0 || ^17.0.0"
			}
		},
		"node_modules/fast-json-stable-stringify": {
			"version": "2.1.0",
			"resolved": "https://registry.npmjs.org/fast-json-stable-stringify/-/fast-json-stable-stringify-2.1.0.tgz",
			"integrity": "sha512-lhd/wF+Lk98HZoTCtlVraHtfh5XYijIjalXck7saUtuanSDyLMxnHhSXEDJqHxD7msR8D0uCmqlkwjCV8xvwHw=="
		},
		"node_modules/graphql": {
			"version": "15.8.0",
			"resolved": "https://registry.npmjs.org/graphql/-/graphql-15.8.0.tgz",
			"integrity": "sha512-5gghUc24tP9HRznNpV2+FIoq3xKkj5dTQqf4v0CpdPbFVwFkWoxOM+o+2OC9ZSvjEMTjfmG9QT+gcvggTwW1zw==",
			"engines": {
				"node": ">= 10.x"
			}
		},
		"node_modules/tslib": {
			"version": "2.6.1",
			"resolved": "https://registry.npmjs.org/tslib/-/tslib-2.6.1.tgz",
			"integrity": "sha512-t0hLfiEKfMUoqhG+U1oid7Pva4bbDPHYfJNiB7BiIjRkj1pyC++4N3huJfqY6aRH6VTB0rvtzQwjM4K6qpfOig=="
		},
		"node_modules/value-or-promise": {
			"version": "1.0.12",
			"resolved": "https://registry.npmjs.org/value-or-promise/-/value-or-promise-1.0.12.tgz",
			"integrity": "sha512-Z6Uz+TYwEqE7ZN50gwn+1LCVo9ZVrpxRPOhOLnncYkY1ZzOYtrX8Fwf/rFktZ8R5mJms6EZf5TqNOMeZmnPq9Q==",
			"engines": {
				"node": ">=12"
			}
		}
	}
}
